
Microsoft Visual Studio Solution File, Format Version 12.00
# Visual Studio Version 17
VisualStudioVersion = 17.4.33213.308
MinimumVisualStudioVersion = 10.0.40219.1
Project("{9A19103F-16F7-4668-BE54-9A1E7A4F7556}") = "TrashTrack.Core", "TrashTrack.Core\TrashTrack.Core.csproj", "{80CB0053-B44F-47FF-9CDD-2F1C4CD1247A}"
EndProject
Project("{9A19103F-16F7-4668-BE54-9A1E7A4F7556}") = "TrashTrack.Infrastructure.Interfaces", "TrashTrack.Infrastructure.Interfaces\TrashTrack.Infrastructure.Interfaces.csproj", "{46F6781E-FD30-4E93-B914-76A8B41C056C}"
EndProject
Project("{9A19103F-16F7-4668-BE54-9A1E7A4F7556}") = "TrashTrack.Common.Services", "TrashTrack.Common.Services\TrashTrack.Common.Services.csproj", "{4F74FDD3-FF9F-4FFA-B51D-14963BFCDC3B}"
EndProject
Project("{9A19103F-16F7-4668-BE54-9A1E7A4F7556}") = "TrashTrack.Application.Interfaces", "TrashTrack.Application.Interfaces\TrashTrack.Application.Interfaces.csproj", "{C42C5529-0933-4C75-A735-E79B46B9EFE8}"
EndProject
Project("{9A19103F-16F7-4668-BE54-9A1E7A4F7556}") = "TrashTrack.Infrastructure", "TrashTrack.Infrastructure\TrashTrack.Infrastructure.csproj", "{4B0F76A8-0578-4D78-857C-8EF7F51DD738}"
EndProject
Project("{FAE04EC0-301F-11D3-BF4B-00C04F79EFBC}") = "TrashTrack.Application", "TrashTrack.Application\TrashTrack.Application.csproj", "{6D6690DE-39FE-47A7-9665-74A662DCDC39}"
EndProject
Global
	GlobalSection(SolutionConfigurationPlatforms) = preSolution
		Debug|Any CPU = Debug|Any CPU
		Release|Any CPU = Release|Any CPU
	EndGlobalSection
	GlobalSection(ProjectConfigurationPlatforms) = postSolution
		{80CB0053-B44F-47FF-9CDD-2F1C4CD1247A}.Debug|Any CPU.ActiveCfg = Debug|Any CPU
		{80CB0053-B44F-47FF-9CDD-2F1C4CD1247A}.Debug|Any CPU.Build.0 = Debug|Any CPU
		{80CB0053-B44F-47FF-9CDD-2F1C4CD1247A}.Release|Any CPU.ActiveCfg = Release|Any CPU
		{80CB0053-B44F-47FF-9CDD-2F1C4CD1247A}.Release|Any CPU.Build.0 = Release|Any CPU
		{46F6781E-FD30-4E93-B914-76A8B41C056C}.Debug|Any CPU.ActiveCfg = Debug|Any CPU
		{46F6781E-FD30-4E93-B914-76A8B41C056C}.Debug|Any CPU.Build.0 = Debug|Any CPU
		{46F6781E-FD30-4E93-B914-76A8B41C056C}.Release|Any CPU.ActiveCfg = Release|Any CPU
		{46F6781E-FD30-4E93-B914-76A8B41C056C}.Release|Any CPU.Build.0 = Release|Any CPU
		{4F74FDD3-FF9F-4FFA-B51D-14963BFCDC3B}.Debug|Any CPU.ActiveCfg = Debug|Any CPU
		{4F74FDD3-FF9F-4FFA-B51D-14963BFCDC3B}.Debug|Any CPU.Build.0 = Debug|Any CPU
		{4F74FDD3-FF9F-4FFA-B51D-14963BFCDC3B}.Release|Any CPU.ActiveCfg = Release|Any CPU
		{4F74FDD3-FF9F-4FFA-B51D-14963BFCDC3B}.Release|Any CPU.Build.0 = Release|Any CPU
		{C42C5529-0933-4C75-A735-E79B46B9EFE8}.Debug|Any CPU.ActiveCfg = Debug|Any CPU
		{C42C5529-0933-4C75-A735-E79B46B9EFE8}.Debug|Any CPU.Build.0 = Debug|Any CPU
		{C42C5529-0933-4C75-A735-E79B46B9EFE8}.Release|Any CPU.ActiveCfg = Release|Any CPU
		{C42C5529-0933-4C75-A735-E79B46B9EFE8}.Release|Any CPU.Build.0 = Release|Any CPU
		{4B0F76A8-0578-4D78-857C-8EF7F51DD738}.Debug|Any CPU.ActiveCfg = Debug|Any CPU
		{4B0F76A8-0578-4D78-857C-8EF7F51DD738}.Debug|Any CPU.Build.0 = Debug|Any CPU
		{4B0F76A8-0578-4D78-857C-8EF7F51DD738}.Release|Any CPU.ActiveCfg = Release|Any CPU
		{4B0F76A8-0578-4D78-857C-8EF7F51DD738}.Release|Any CPU.Build.0 = Release|Any CPU
		{6D6690DE-39FE-47A7-9665-74A662DCDC39}.Debug|Any CPU.ActiveCfg = Debug|Any CPU
		{6D6690DE-39FE-47A7-9665-74A662DCDC39}.Debug|Any CPU.Build.0 = Debug|Any CPU
		{6D6690DE-39FE-47A7-9665-74A662DCDC39}.Release|Any CPU.ActiveCfg = Release|Any CPU
		{6D6690DE-39FE-47A7-9665-74A662DCDC39}.Release|Any CPU.Build.0 = Release|Any CPU
	EndGlobalSection
	GlobalSection(SolutionProperties) = preSolution
		HideSolutionNode = FALSE
	EndGlobalSection
	GlobalSection(ExtensibilityGlobals) = postSolution
		SolutionGuid = {8A82E84B-E94F-4DF8-8AC8-5CA3EC436D9C}
	EndGlobalSection
EndGlobal
